
Microsoft Visual Studio Solution File, Format Version 12.00
# Visual Studio Version 17
VisualStudioVersion = 17.14.36511.14 d17.14
MinimumVisualStudioVersion = 10.0.40219.1
Project("{FAE04EC0-301F-11D3-BF4B-00C04F79EFBC}") = "Builder", "Builder\Builder.csproj", "{3E296325-047F-430B-A52B-6938D40DCCA4}"
EndProject
Project("{FAE04EC0-301F-11D3-BF4B-00C04F79EFBC}") = "PR7", "PR7\PR7.csproj", "{7653534F-CC5D-4234-9644-4AC17956B94C}"
EndProject
Global
	GlobalSection(SolutionConfigurationPlatforms) = preSolution
		Debug|Any CPU = Debug|Any CPU
		Release|Any CPU = Release|Any CPU
	EndGlobalSection
	GlobalSection(ProjectConfigurationPlatforms) = postSolution
		{3E296325-047F-430B-A52B-6938D40DCCA4}.Debug|Any CPU.ActiveCfg = Debug|Any CPU
		{3E296325-047F-430B-A52B-6938D40DCCA4}.Debug|Any CPU.Build.0 = Debug|Any CPU
		{3E296325-047F-430B-A52B-6938D40DCCA4}.Release|Any CPU.ActiveCfg = Release|Any CPU
		{3E296325-047F-430B-A52B-6938D40DCCA4}.Release|Any CPU.Build.0 = Release|Any CPU
		{7653534F-CC5D-4234-9644-4AC17956B94C}.Debug|Any CPU.ActiveCfg = Debug|Any CPU
		{7653534F-CC5D-4234-9644-4AC17956B94C}.Debug|Any CPU.Build.0 = Debug|Any CPU
		{7653534F-CC5D-4234-9644-4AC17956B94C}.Release|Any CPU.ActiveCfg = Release|Any CPU
		{7653534F-CC5D-4234-9644-4AC17956B94C}.Release|Any CPU.Build.0 = Release|Any CPU
	EndGlobalSection
	GlobalSection(SolutionProperties) = preSolution
		HideSolutionNode = FALSE
	EndGlobalSection
	GlobalSection(ExtensibilityGlobals) = postSolution
		SolutionGuid = {D65D515D-7828-4A62-82EA-91B1394FA3F2}
	EndGlobalSection
EndGlobal
